PODS:
  - Alamofire (4.3.0)
  - GoogleMaps (2.1.1):
    - GoogleMaps/Maps (= 2.1.1)
  - GoogleMaps/Base (2.1.1)
  - GoogleMaps/Maps (2.1.1):
    - GoogleMaps/Base
  - GooglePlaces (2.1.1):
    - GoogleMaps/Base (= 2.1.1)
  - IHKeyboardAvoiding (3.7)
  - ImagePicker (2.0.0)
  - ImageSlideshow (1.0.0):
    - ImageSlideshow/Core (= 1.0.0)
  - ImageSlideshow/Core (1.0.0)
  - ImageSlideshow/Kingfisher (1.0.0):
    - ImageSlideshow/Core
    - Kingfisher (~> 3.0)
  - Kingfisher (3.4.0)
  - PKHUD (4.2.0)
  - Realm (2.4.2):
    - Realm/Headers (= 2.4.2)
  - Realm/Headers (2.4.2)
  - RealmSwift (2.4.2):
    - Realm (= 2.4.2)
  - SlackTextViewController (1.9.5)
  - SwiftyJSON (3.1.4)

DEPENDENCIES:
  - Alamofire (~> 4.3.0)
  - GoogleMaps
  - GooglePlaces
  - IHKeyboardAvoiding
  - ImagePicker
  - ImageSlideshow (~> 1.0.0)
  - ImageSlideshow/Kingfisher
  - Kingfisher (~> 3.0)
  - PKHUD (~> 4.0)
  - RealmSwift
  - SlackTextViewController
  - SwiftyJSON

SPEC CHECKSUMS:
  Alamofire: 856a113053a7bc9cbe5d6367a555d773fc5cfef7
  GoogleMaps: a5b5bbe47734e2443bde781a6aa64e69fdb6d785
  GooglePlaces: 35636d86e5020cba3856eb988c09a5491de0a65a
  IHKeyboardAvoiding: 4c852fae85667469307678c65f14f5cac8a7be92
  ImagePicker: 81175d36c2852cb543cb4f5d6c19e28f3e8d90eb
  ImageSlideshow: 2787e10e202b79ecf5348a205c539fcc5bb8e62b
  Kingfisher: 5690cfb3d1bddf3a98d679a3a34d0b7294974ed2
  PKHUD: 48af884cf00c2213b0313b739d914e6cab1c0f5e
  Realm: d27b758e12d62a3371879a065d4c40aa212c5a54
  RealmSwift: 9556c0fe0f0cfecacfb755ae9e68ff379fc6bead
  SlackTextViewController: fbcdadbb8090673f604484ff5b6eb8d77baed42a
  SwiftyJSON: c2842d878f95482ffceec5709abc3d05680c0220

PODFILE CHECKSUM: e7eda7d6209f2878ceaaa710c4e048615d03456c

COCOAPODS: 1.1.1
